
Microsoft Visual Studio Solution File, Format Version 12.00
# Visual Studio Version 17
VisualStudioVersion = 17.11.35327.3
MinimumVisualStudioVersion = 10.0.40219.1
Project("{FAE04EC0-301F-11D3-BF4B-00C04F79EFBC}") = "MatchGame", "MatchGame\MatchGame.csproj", "{F19F6362-E3FD-44D7-BA68-DFC3FB21E1B9}"
EndProject
Global
	GlobalSection(SolutionConfigurationPlatforms) = preSolution
		Debug|Any CPU = Debug|Any CPU
		Release|Any CPU = Release|Any CPU
	EndGlobalSection
	GlobalSection(ProjectConfigurationPlatforms) = postSolution
		{F19F6362-E3FD-44D7-BA68-DFC3FB21E1B9}.Debug|Any CPU.ActiveCfg = Debug|Any CPU
		{F19F6362-E3FD-44D7-BA68-DFC3FB21E1B9}.Debug|Any CPU.Build.0 = Debug|Any CPU
		{F19F6362-E3FD-44D7-BA68-DFC3FB21E1B9}.Release|Any CPU.ActiveCfg = Release|Any CPU
		{F19F6362-E3FD-44D7-BA68-DFC3FB21E1B9}.Release|Any CPU.Build.0 = Release|Any CPU
	EndGlobalSection
	GlobalSection(SolutionProperties) = preSolution
		HideSolutionNode = FALSE
	EndGlobalSection
	GlobalSection(ExtensibilityGlobals) = postSolution
		SolutionGuid = {0F57B61B-2692-4A4F-AFA5-864A1E62CDFC}
	EndGlobalSection
EndGlobal
